activity:
  activity_id: 00000000-0000-7000-8000-000000000000
  code_ref: https://example.invalid/examples@0000000000000000000000000000000000000000
  config_hash: sha256:44136fa355b3678a1146ad16f7e8649e94fb4fc21fe77e8310c060f61caaff8a
  kind: process
  parameters: {}
  runner: examples
book:
  authors:
  - email: info@climate-resource.com
    name: Climate Resource
  description: Four outputs and a lineage graph where the later ones cite the earlier ones.
  discovery:
    publisher: Climate Resource
    title: A feedstock whose outputs build on each other
  entries:
  - name: cleaned
  - name: by_region
  - name: world
  - name: shares
  license: CC-BY-4.0
  metadata: {}
  processing:
  - - https://example.invalid/examples@0000000000000000000000000000000000000000
    - sha256:44136fa355b3678a1146ad16f7e8649e94fb4fc21fe77e8310c060f61caaff8a
  published: true
  version: v1.0.0
  visibility: public
  volume: complex-processing-example
resources:
- dedupe: true
  format: csv
  generated: false
  hash: sha256:0fd5036a68c2b9a3c7a67581f5dc1accfa9e4667b9932ef018486a2452873f9f
  kind: managed
  metadata: {}
  name: raw
  size: 536
  tags: []
  type: tabular
  used: []
  visibility: public
- dedupe: true
  format: parquet
  generated: true
  hash: sha256:0ecd2dd1e4e2bf5339e77d5d169fdc34e37771ed0d40c807ec88e35aac4cff71
  kind: managed
  metadata: {}
  name: cleaned
  size: 1363
  tags: []
  type: timeseries
  used:
  - raw
  visibility: public
- dedupe: true
  format: parquet
  generated: true
  hash: sha256:e77e41ded09ad93dc961e04fd6d093d929dffa8147346f61fa14f25c7c7aa532
  kind: managed
  metadata: {}
  name: by_region
  size: 655
  tags: []
  type: tabular
  used:
  - raw
  - cleaned
  visibility: public
- dedupe: true
  format: parquet
  generated: true
  hash: sha256:ba96e79aacc1f8b225f8547c1853db889b4c5646fa79d4cc06b7723202d0d86a
  kind: managed
  metadata: {}
  name: world
  size: 1243
  tags: []
  type: timeseries
  used:
  - raw
  - cleaned
  visibility: public
- dedupe: true
  format: parquet
  generated: true
  hash: sha256:b3c4bb7cccb5890567806801cf7fc618bcccc5e810d75a43a71fbab30d7917f7
  kind: managed
  metadata: {}
  name: shares
  size: 870
  tags: []
  type: tabular
  used:
  - raw
  - cleaned
  - by_region
  - world
  visibility: public
schema_version: '3.2'
writer:
  pyarrow: 23.0.0
