activity:
  activity_id: 00000000-0000-7000-8000-000000000000
  code_ref: https://example.invalid/examples@0000000000000000000000000000000000000000
  config_hash: sha256:44136fa355b3678a1146ad16f7e8649e94fb4fc21fe77e8310c060f61caaff8a
  kind: process
  parameters: {}
  runner: examples
book:
  authors:
  - email: original@example.invalid
    name: Original Author
  description: What every book says unless it says otherwise.
  discovery:
    homepage_url: https://example.invalid/defaults-and-overrides
    methodology_url: https://example.invalid/defaults-and-overrides/method
    publisher: Original Publisher
    title: A feedstock that states its metadata once
  entries:
  - name: emissions
  license: CC-BY-4.0
  metadata: {}
  processing:
  - - https://example.invalid/examples@0000000000000000000000000000000000000000
    - sha256:44136fa355b3678a1146ad16f7e8649e94fb4fc21fe77e8310c060f61caaff8a
  published: true
  version: v1.0.0
  visibility: public
  volume: defaults-and-overrides-example
resources:
- dedupe: true
  generated: false
  hash: sha256:eb7cc4817f0a014cba1cb9b7049b7652bf20831104237b039a4b9422f4a03d64
  kind: managed
  metadata: {}
  name: raw
  size: 116
  tags: []
  type: tabular
  used: []
  visibility: public
- dedupe: true
  format: parquet
  generated: true
  hash: sha256:8bdf0e7eceb3746a9855a9786732b502a19888914cb4ede2458a0b727f7a9c7e
  kind: managed
  metadata: {}
  name: emissions
  size: 1221
  tags: []
  type: timeseries
  used:
  - raw
  visibility: public
schema_version: '3.1'
writer:
  pyarrow: 23.0.0
