activity:
  activity_id: 00000000-0000-7000-8000-000000000000
  code_ref: https://example.invalid/examples@0000000000000000000000000000000000000000
  config_hash: sha256:44136fa355b3678a1146ad16f7e8649e94fb4fc21fe77e8310c060f61caaff8a
  kind: process
  parameters: {}
  runner: examples
book:
  authors:
  - email: info@climate-resource.com
    name: Climate Resource
  description: Adds 2023 and revises the 2020 values.
  discovery:
    publisher: Climate Resource
    release_date: '2026-01-15'
    title: A feedstock that can build more than one upstream version
  entries:
  - name: emissions
  - name: totals
  license: CC-BY-4.0
  metadata: {}
  processing:
  - - https://example.invalid/examples@0000000000000000000000000000000000000000
    - sha256:44136fa355b3678a1146ad16f7e8649e94fb4fc21fe77e8310c060f61caaff8a
  published: true
  version: v2.0.0
  visibility: public
  volume: multi-version-example
  volume_discovery:
    keywords:
    - example
    maintainers:
    - email: info@climate-resource.com
      name: Climate Resource
resources:
- format: csv
  generated: false
  hash: sha256:69ea323c481067be4af6da8dc67d7ccc924a2e25666d90e5b738168e22d0007b
  kind: managed
  metadata: {}
  name: raw
  size: 202
  tags: []
  type: tabular
  used: []
  used_digests: []
  visibility: public
- format: parquet
  generated: true
  hash: sha256:7be0295aca690d4eacaaa5e7ff65287c124197a4d4d9a37bce5ccb59c2860b20
  kind: managed
  metadata: {}
  name: emissions
  size: 1251
  tags: []
  type: timeseries
  used:
  - raw
  used_digests: []
  visibility: public
- format: parquet
  generated: true
  hash: sha256:7415370d7bc185601a21e5ae0392a94887af53deb13d7a0b17db04156ca53e85
  kind: managed
  metadata: {}
  name: totals
  size: 614
  tags: []
  type: tabular
  used:
  - raw
  used_digests: []
  visibility: public
schema_version: '3.10'
writer:
  pyarrow: 23.0.1
